Microsoft Visual Studio Solution File, Format Version 11.00
# Visual Studio 2008

Project("{4E319C06-C550-B0B1-A69E-1554D8D5FCE4}") = "Lost In The Dark", "Assembly-CSharp-firstpass.csproj", "{9070426E-002E-3F35-D659-9ECCA13F16AB}"
EndProject
Project("{4E319C06-C550-B0B1-A69E-1554D8D5FCE4}") = "Lost In The Dark", "Assembly-CSharp.csproj", "{22B1679D-FA9C-EBDF-3159-B02F6E8FFDB0}"
EndProject
Project("{4E319C06-C550-B0B1-A69E-1554D8D5FCE4}") = "Lost In The Dark", "Assembly-CSharp-Editor.csproj", "{23DA4DA8-2FBA-6DCE-09BF-EBE2E4CB723F}"
EndProject
Global
	GlobalSection(SolutionConfigurationPlatforms) = preSolution
		Debug|Any CPU = Debug|Any CPU
		Release|Any CPU = Release|Any CPU
	EndGlobalSection
	GlobalSection(ProjectConfigurationPlatforms) = postSolution
		{9070426E-002E-3F35-D659-9ECCA13F16AB}.Debug|Any CPU.ActiveCfg = Debug|Any CPU
		{9070426E-002E-3F35-D659-9ECCA13F16AB}.Debug|Any CPU.Build.0 = Debug|Any CPU
		{9070426E-002E-3F35-D659-9ECCA13F16AB}.Release|Any CPU.ActiveCfg = Release|Any CPU
		{9070426E-002E-3F35-D659-9ECCA13F16AB}.Release|Any CPU.Build.0 = Release|Any CPU
		{22B1679D-FA9C-EBDF-3159-B02F6E8FFDB0}.Debug|Any CPU.ActiveCfg = Debug|Any CPU
		{22B1679D-FA9C-EBDF-3159-B02F6E8FFDB0}.Debug|Any CPU.Build.0 = Debug|Any CPU
		{22B1679D-FA9C-EBDF-3159-B02F6E8FFDB0}.Release|Any CPU.ActiveCfg = Release|Any CPU
		{22B1679D-FA9C-EBDF-3159-B02F6E8FFDB0}.Release|Any CPU.Build.0 = Release|Any CPU
		{23DA4DA8-2FBA-6DCE-09BF-EBE2E4CB723F}.Debug|Any CPU.ActiveCfg = Debug|Any CPU
		{23DA4DA8-2FBA-6DCE-09BF-EBE2E4CB723F}.Debug|Any CPU.Build.0 = Debug|Any CPU
		{23DA4DA8-2FBA-6DCE-09BF-EBE2E4CB723F}.Release|Any CPU.ActiveCfg = Release|Any CPU
		{23DA4DA8-2FBA-6DCE-09BF-EBE2E4CB723F}.Release|Any CPU.Build.0 = Release|Any CPU
	EndGlobalSection
	GlobalSection(SolutionProperties) = preSolution
		HideSolutionNode = FALSE
	EndGlobalSection
	GlobalSection(MonoDevelopProperties) = preSolution
		StartupItem = Assembly-CSharp.csproj
	EndGlobalSection
EndGlobal
